
Microsoft Visual Studio Solution File, Format Version 12.00
# Visual Studio Version 16
VisualStudioVersion = 16.0.31005.135
MinimumVisualStudioVersion = 10.0.40219.1
Project("{FAE04EC0-301F-11D3-BF4B-00C04F79EFBC}") = "watermark", "watermark.csproj", "{8103845D-0269-42D7-88B9-33975A395394}"
EndProject
Global
	GlobalSection(SolutionConfigurationPlatforms) = preSolution
		Debug|Any CPU = Debug|Any CPU
		Release|Any CPU = Release|Any CPU
	EndGlobalSection
	GlobalSection(ProjectConfigurationPlatforms) = postSolution
		{8103845D-0269-42D7-88B9-33975A395394}.Debug|Any CPU.ActiveCfg = Debug|Any CPU
		{8103845D-0269-42D7-88B9-33975A395394}.Debug|Any CPU.Build.0 = Debug|Any CPU
		{8103845D-0269-42D7-88B9-33975A395394}.Release|Any CPU.ActiveCfg = Release|Any CPU
		{8103845D-0269-42D7-88B9-33975A395394}.Release|Any CPU.Build.0 = Release|Any CPU
	EndGlobalSection
	GlobalSection(SolutionProperties) = preSolution
		HideSolutionNode = FALSE
	EndGlobalSection
	GlobalSection(ExtensibilityGlobals) = postSolution
		SolutionGuid = {6CF0CA95-1E69-46E7-911D-A87DD1643F24}
	EndGlobalSection
EndGlobal
